
Microsoft Visual Studio Solution File, Format Version 12.00
# Visual Studio Version 17
VisualStudioVersion = 17.9.34622.214
MinimumVisualStudioVersion = 10.0.40219.1
Project("{FAE04EC0-301F-11D3-BF4B-00C04F79EFBC}") = "MGM_Lite", "MGM_Lite\MGM_Lite.csproj", "{BEB8F5C6-B341-47FD-9CE6-26EE41D429C3}"
EndProject
Global
	GlobalSection(SolutionConfigurationPlatforms) = preSolution
		Debug|Any CPU = Debug|Any CPU
		Release|Any CPU = Release|Any CPU
	EndGlobalSection
	GlobalSection(ProjectConfigurationPlatforms) = postSolution
		{BEB8F5C6-B341-47FD-9CE6-26EE41D429C3}.Debug|Any CPU.ActiveCfg = Debug|Any CPU
		{BEB8F5C6-B341-47FD-9CE6-26EE41D429C3}.Debug|Any CPU.Build.0 = Debug|Any CPU
		{BEB8F5C6-B341-47FD-9CE6-26EE41D429C3}.Release|Any CPU.ActiveCfg = Release|Any CPU
		{BEB8F5C6-B341-47FD-9CE6-26EE41D429C3}.Release|Any CPU.Build.0 = Release|Any CPU
	EndGlobalSection
	GlobalSection(SolutionProperties) = preSolution
		HideSolutionNode = FALSE
	EndGlobalSection
	GlobalSection(ExtensibilityGlobals) = postSolution
		SolutionGuid = {10D072F6-EE96-4DF2-8207-03239D294F50}
	EndGlobalSection
EndGlobal
